
Microsoft Visual Studio Solution File, Format Version 12.00
# Visual Studio Version 17
VisualStudioVersion = 17.13.35825.156
MinimumVisualStudioVersion = 10.0.40219.1
Project("{FAE04EC0-301F-11D3-BF4B-00C04F79EFBC}") = "Eskon.API", "Eskon\Eskon.API.csproj", "{53C7703B-2871-4CA1-BACC-6489FFCE6975}"
EndProject
Project("{FAE04EC0-301F-11D3-BF4B-00C04F79EFBC}") = "Eskon.Core", "Template.Core\Eskon.Core.csproj", "{372CD09D-94D5-FBE4-CFDB-73393C39759A}"
EndProject
Project("{FAE04EC0-301F-11D3-BF4B-00C04F79EFBC}") = "Eskon.Domian", "Template.Domian\Eskon.Domian.csproj", "{8080892B-5906-5762-3519-07979B95DD45}"
EndProject
Project("{FAE04EC0-301F-11D3-BF4B-00C04F79EFBC}") = "Eskon.Infrastructure", "Template.Infrastructure\Eskon.Infrastructure.csproj", "{51E77623-E1C2-4251-4467-EE7F32A9084B}"
EndProject
Project("{FAE04EC0-301F-11D3-BF4B-00C04F79EFBC}") = "Eskon.Service", "Tenplate.Service\Eskon.Service.csproj", "{AB46E088-E3F4-2B9C-FE23-E623927D8CB2}"
EndProject
Global
	GlobalSection(SolutionConfigurationPlatforms) = preSolution
		Debug|Any CPU = Debug|Any CPU
		Release|Any CPU = Release|Any CPU
	EndGlobalSection
	GlobalSection(ProjectConfigurationPlatforms) = postSolution
		{53C7703B-2871-4CA1-BACC-6489FFCE6975}.Debug|Any CPU.ActiveCfg = Debug|Any CPU
		{53C7703B-2871-4CA1-BACC-6489FFCE6975}.Debug|Any CPU.Build.0 = Debug|Any CPU
		{53C7703B-2871-4CA1-BACC-6489FFCE6975}.Release|Any CPU.ActiveCfg = Release|Any CPU
		{53C7703B-2871-4CA1-BACC-6489FFCE6975}.Release|Any CPU.Build.0 = Release|Any CPU
		{372CD09D-94D5-FBE4-CFDB-73393C39759A}.Debug|Any CPU.ActiveCfg = Debug|Any CPU
		{372CD09D-94D5-FBE4-CFDB-73393C39759A}.Debug|Any CPU.Build.0 = Debug|Any CPU
		{372CD09D-94D5-FBE4-CFDB-73393C39759A}.Release|Any CPU.ActiveCfg = Release|Any CPU
		{372CD09D-94D5-FBE4-CFDB-73393C39759A}.Release|Any CPU.Build.0 = Release|Any CPU
		{8080892B-5906-5762-3519-07979B95DD45}.Debug|Any CPU.ActiveCfg = Debug|Any CPU
		{8080892B-5906-5762-3519-07979B95DD45}.Debug|Any CPU.Build.0 = Debug|Any CPU
		{8080892B-5906-5762-3519-07979B95DD45}.Release|Any CPU.ActiveCfg = Release|Any CPU
		{8080892B-5906-5762-3519-07979B95DD45}.Release|Any CPU.Build.0 = Release|Any CPU
		{51E77623-E1C2-4251-4467-EE7F32A9084B}.Debug|Any CPU.ActiveCfg = Debug|Any CPU
		{51E77623-E1C2-4251-4467-EE7F32A9084B}.Debug|Any CPU.Build.0 = Debug|Any CPU
		{51E77623-E1C2-4251-4467-EE7F32A9084B}.Release|Any CPU.ActiveCfg = Release|Any CPU
		{51E77623-E1C2-4251-4467-EE7F32A9084B}.Release|Any CPU.Build.0 = Release|Any CPU
		{AB46E088-E3F4-2B9C-FE23-E623927D8CB2}.Debug|Any CPU.ActiveCfg = Debug|Any CPU
		{AB46E088-E3F4-2B9C-FE23-E623927D8CB2}.Debug|Any CPU.Build.0 = Debug|Any CPU
		{AB46E088-E3F4-2B9C-FE23-E623927D8CB2}.Release|Any CPU.ActiveCfg = Release|Any CPU
		{AB46E088-E3F4-2B9C-FE23-E623927D8CB2}.Release|Any CPU.Build.0 = Release|Any CPU
	EndGlobalSection
	GlobalSection(SolutionProperties) = preSolution
		HideSolutionNode = FALSE
	EndGlobalSection
	GlobalSection(ExtensibilityGlobals) = postSolution
		SolutionGuid = {B39F21CE-22B0-4CA7-B66E-7719BC2328D4}
	EndGlobalSection
EndGlobal
